
Microsoft Visual Studio Solution File, Format Version 12.00
# Visual Studio Version 16
VisualStudioVersion = 16.0.30611.23
MinimumVisualStudioVersion = 10.0.40219.1
Project("{FAE04EC0-301F-11D3-BF4B-00C04F79EFBC}") = "APIGateway", "APIGateway\APIGateway.csproj", "{2827AEBC-B4C1-40E7-B9EB-59295C0170BF}"
EndProject
Project("{2150E333-8FDC-42A3-9474-1A3956D46DE8}") = "Services", "Services", "{B42B4AA2-C54A-4F24-8AA8-5C2939CDE6A9}"
EndProject
Project("{FAE04EC0-301F-11D3-BF4B-00C04F79EFBC}") = "Contact.API", "Services\ContactAPI\Contact.API\Contact.API.csproj", "{48311476-EC29-4C9E-813E-202D2644B408}"
EndProject
Project("{FAE04EC0-301F-11D3-BF4B-00C04F79EFBC}") = "Reservation.API", "Services\ResAPI\Reservation.API\Reservation.API.csproj", "{43B262D9-6E6E-471B-A630-7CA9F7D6EEB6}"
EndProject
Project("{2150E333-8FDC-42A3-9474-1A3956D46DE8}") = "ContactAPI", "ContactAPI", "{AEE4BBC5-7F79-457C-A65C-CDDBADB583F6}"
EndProject
Project("{2150E333-8FDC-42A3-9474-1A3956D46DE8}") = "ReservationAPI", "ReservationAPI", "{11379C34-99C9-4140-8AFA-5B55497FD29F}"
EndProject
Project("{FAE04EC0-301F-11D3-BF4B-00C04F79EFBC}") = "Contact.API.Infrastructure", "Services\ContactAPI\Contact.API.Infrastructure\Contact.API.Infrastructure.csproj", "{98D5921C-4B6B-4933-9312-ABC7D2B01A6C}"
EndProject
Project("{FAE04EC0-301F-11D3-BF4B-00C04F79EFBC}") = "Contact.API.Models", "Services\ContactAPI\Contact.API.Models\Contact.API.Models.csproj", "{C98F21C1-B497-4868-8718-03C6064FBFE9}"
EndProject
Project("{FAE04EC0-301F-11D3-BF4B-00C04F79EFBC}") = "Contact.API.Services", "Services\ContactAPI\Contact.API.Services\Contact.API.Services.csproj", "{8BD15910-AC06-470F-9642-55B45612D397}"
EndProject
Project("{FAE04EC0-301F-11D3-BF4B-00C04F79EFBC}") = "Reservation.API.Infrastructure", "Services\ResAPI\Reservation.API.Infrastructure\Reservation.API.Infrastructure.csproj", "{2FC394B1-19EE-46EB-9444-D16F84B7EE08}"
EndProject
Project("{FAE04EC0-301F-11D3-BF4B-00C04F79EFBC}") = "Reservation.API.Services", "Services\ResAPI\Reservatiron.API.Services\Reservation.API.Services.csproj", "{7E18F376-25A5-42EC-81B3-78E6832104D5}"
EndProject
Project("{FAE04EC0-301F-11D3-BF4B-00C04F79EFBC}") = "Reservation.API.Models", "Services\ResAPI\Reservation.API.Models\Reservation.API.Models.csproj", "{DC2348C9-EEBF-4D95-B81C-26068F49595D}"
EndProject
Global
	GlobalSection(SolutionConfigurationPlatforms) = preSolution
		Debug|Any CPU = Debug|Any CPU
		Release|Any CPU = Release|Any CPU
	EndGlobalSection
	GlobalSection(ProjectConfigurationPlatforms) = postSolution
		{2827AEBC-B4C1-40E7-B9EB-59295C0170BF}.Debug|Any CPU.ActiveCfg = Debug|Any CPU
		{2827AEBC-B4C1-40E7-B9EB-59295C0170BF}.Debug|Any CPU.Build.0 = Debug|Any CPU
		{2827AEBC-B4C1-40E7-B9EB-59295C0170BF}.Release|Any CPU.ActiveCfg = Release|Any CPU
		{2827AEBC-B4C1-40E7-B9EB-59295C0170BF}.Release|Any CPU.Build.0 = Release|Any CPU
		{48311476-EC29-4C9E-813E-202D2644B408}.Debug|Any CPU.ActiveCfg = Debug|Any CPU
		{48311476-EC29-4C9E-813E-202D2644B408}.Debug|Any CPU.Build.0 = Debug|Any CPU
		{48311476-EC29-4C9E-813E-202D2644B408}.Release|Any CPU.ActiveCfg = Release|Any CPU
		{48311476-EC29-4C9E-813E-202D2644B408}.Release|Any CPU.Build.0 = Release|Any CPU
		{43B262D9-6E6E-471B-A630-7CA9F7D6EEB6}.Debug|Any CPU.ActiveCfg = Debug|Any CPU
		{43B262D9-6E6E-471B-A630-7CA9F7D6EEB6}.Debug|Any CPU.Build.0 = Debug|Any CPU
		{43B262D9-6E6E-471B-A630-7CA9F7D6EEB6}.Release|Any CPU.ActiveCfg = Release|Any CPU
		{43B262D9-6E6E-471B-A630-7CA9F7D6EEB6}.Release|Any CPU.Build.0 = Release|Any CPU
		{98D5921C-4B6B-4933-9312-ABC7D2B01A6C}.Debug|Any CPU.ActiveCfg = Debug|Any CPU
		{98D5921C-4B6B-4933-9312-ABC7D2B01A6C}.Debug|Any CPU.Build.0 = Debug|Any CPU
		{98D5921C-4B6B-4933-9312-ABC7D2B01A6C}.Release|Any CPU.ActiveCfg = Release|Any CPU
		{98D5921C-4B6B-4933-9312-ABC7D2B01A6C}.Release|Any CPU.Build.0 = Release|Any CPU
		{C98F21C1-B497-4868-8718-03C6064FBFE9}.Debug|Any CPU.ActiveCfg = Debug|Any CPU
		{C98F21C1-B497-4868-8718-03C6064FBFE9}.Debug|Any CPU.Build.0 = Debug|Any CPU
		{C98F21C1-B497-4868-8718-03C6064FBFE9}.Release|Any CPU.ActiveCfg = Release|Any CPU
		{C98F21C1-B497-4868-8718-03C6064FBFE9}.Release|Any CPU.Build.0 = Release|Any CPU
		{8BD15910-AC06-470F-9642-55B45612D397}.Debug|Any CPU.ActiveCfg = Debug|Any CPU
		{8BD15910-AC06-470F-9642-55B45612D397}.Debug|Any CPU.Build.0 = Debug|Any CPU
		{8BD15910-AC06-470F-9642-55B45612D397}.Release|Any CPU.ActiveCfg = Release|Any CPU
		{8BD15910-AC06-470F-9642-55B45612D397}.Release|Any CPU.Build.0 = Release|Any CPU
		{2FC394B1-19EE-46EB-9444-D16F84B7EE08}.Debug|Any CPU.ActiveCfg = Debug|Any CPU
		{2FC394B1-19EE-46EB-9444-D16F84B7EE08}.Debug|Any CPU.Build.0 = Debug|Any CPU
		{2FC394B1-19EE-46EB-9444-D16F84B7EE08}.Release|Any CPU.ActiveCfg = Release|Any CPU
		{2FC394B1-19EE-46EB-9444-D16F84B7EE08}.Release|Any CPU.Build.0 = Release|Any CPU
		{7E18F376-25A5-42EC-81B3-78E6832104D5}.Debug|Any CPU.ActiveCfg = Debug|Any CPU
		{7E18F376-25A5-42EC-81B3-78E6832104D5}.Debug|Any CPU.Build.0 = Debug|Any CPU
		{7E18F376-25A5-42EC-81B3-78E6832104D5}.Release|Any CPU.ActiveCfg = Release|Any CPU
		{7E18F376-25A5-42EC-81B3-78E6832104D5}.Release|Any CPU.Build.0 = Release|Any CPU
		{DC2348C9-EEBF-4D95-B81C-26068F49595D}.Debug|Any CPU.ActiveCfg = Debug|Any CPU
		{DC2348C9-EEBF-4D95-B81C-26068F49595D}.Debug|Any CPU.Build.0 = Debug|Any CPU
		{DC2348C9-EEBF-4D95-B81C-26068F49595D}.Release|Any CPU.ActiveCfg = Release|Any CPU
		{DC2348C9-EEBF-4D95-B81C-26068F49595D}.Release|Any CPU.Build.0 = Release|Any CPU
	EndGlobalSection
	GlobalSection(SolutionProperties) = preSolution
		HideSolutionNode = FALSE
	EndGlobalSection
	GlobalSection(NestedProjects) = preSolution
		{48311476-EC29-4C9E-813E-202D2644B408} = {AEE4BBC5-7F79-457C-A65C-CDDBADB583F6}
		{43B262D9-6E6E-471B-A630-7CA9F7D6EEB6} = {11379C34-99C9-4140-8AFA-5B55497FD29F}
		{AEE4BBC5-7F79-457C-A65C-CDDBADB583F6} = {B42B4AA2-C54A-4F24-8AA8-5C2939CDE6A9}
		{11379C34-99C9-4140-8AFA-5B55497FD29F} = {B42B4AA2-C54A-4F24-8AA8-5C2939CDE6A9}
		{98D5921C-4B6B-4933-9312-ABC7D2B01A6C} = {AEE4BBC5-7F79-457C-A65C-CDDBADB583F6}
		{C98F21C1-B497-4868-8718-03C6064FBFE9} = {AEE4BBC5-7F79-457C-A65C-CDDBADB583F6}
		{8BD15910-AC06-470F-9642-55B45612D397} = {AEE4BBC5-7F79-457C-A65C-CDDBADB583F6}
		{2FC394B1-19EE-46EB-9444-D16F84B7EE08} = {11379C34-99C9-4140-8AFA-5B55497FD29F}
		{7E18F376-25A5-42EC-81B3-78E6832104D5} = {11379C34-99C9-4140-8AFA-5B55497FD29F}
		{DC2348C9-EEBF-4D95-B81C-26068F49595D} = {11379C34-99C9-4140-8AFA-5B55497FD29F}
	EndGlobalSection
	GlobalSection(ExtensibilityGlobals) = postSolution
		SolutionGuid = {333C20AF-9D92-4AE0-BB4C-8B24C01F064E}
	EndGlobalSection
EndGlobal
